
Microsoft Visual Studio Solution File, Format Version 12.00
# Visual Studio Version 17
VisualStudioVersion = 17.11.35312.102
MinimumVisualStudioVersion = 10.0.40219.1
Project("{FAE04EC0-301F-11D3-BF4B-00C04F79EFBC}") = "FileAPIService", "FileAPIService\FileAPIService.csproj", "{9288C65C-692E-4583-BD7B-6A1A22AD905D}"
EndProject
Global
	GlobalSection(SolutionConfigurationPlatforms) = preSolution
		Debug|Any CPU = Debug|Any CPU
		Release|Any CPU = Release|Any CPU
	EndGlobalSection
	GlobalSection(ProjectConfigurationPlatforms) = postSolution
		{9288C65C-692E-4583-BD7B-6A1A22AD905D}.Debug|Any CPU.ActiveCfg = Debug|Any CPU
		{9288C65C-692E-4583-BD7B-6A1A22AD905D}.Debug|Any CPU.Build.0 = Debug|Any CPU
		{9288C65C-692E-4583-BD7B-6A1A22AD905D}.Release|Any CPU.ActiveCfg = Release|Any CPU
		{9288C65C-692E-4583-BD7B-6A1A22AD905D}.Release|Any CPU.Build.0 = Release|Any CPU
	EndGlobalSection
	GlobalSection(SolutionProperties) = preSolution
		HideSolutionNode = FALSE
	EndGlobalSection
	GlobalSection(ExtensibilityGlobals) = postSolution
		SolutionGuid = {F11BE6E6-5ADA-40ED-9B18-4B02E19B9B6C}
	EndGlobalSection
EndGlobal
